
Microsoft Visual Studio Solution File, Format Version 12.00
# Visual Studio Version 16
VisualStudioVersion = 16.0.32002.261
MinimumVisualStudioVersion = 10.0.40219.1
Project("{00D1A9C2-B5F0-4AF3-8072-F6C62B433612}") = "Restaurant.Database", "Restaurant.Database\Restaurant.Database.sqlproj", "{E4CC23EF-F614-4B88-9AC7-8B192891D771}"
EndProject
Project("{2150E333-8FDC-42A3-9474-1A3956D46DE8}") = "Solution Items", "Solution Items", "{79FB9CD4-728F-4F02-A987-4783741D9FAD}"
	ProjectSection(SolutionItems) = preProject
		Screenshots\database_schema.jpg = Screenshots\database_schema.jpg
		README.md = README.md
	EndProjectSection
EndProject
Project("{9A19103F-16F7-4668-BE54-9A1E7A4F7556}") = "Lab3", "Lab3\Lab3.csproj", "{ED8D9D10-C1B1-444F-9C26-31AC80ADA4F1}"
EndProject
Project("{9A19103F-16F7-4668-BE54-9A1E7A4F7556}") = "Lab2", "Lab2\Lab2.csproj", "{19A3EE02-1F19-446C-ADA0-53FADF1FD153}"
EndProject
Project("{FAE04EC0-301F-11D3-BF4B-00C04F79EFBC}") = "Lab4", "Lab4\Lab4.csproj", "{CB429043-917E-4E48-A5A8-900FD35B1A99}"
EndProject
Project("{FAE04EC0-301F-11D3-BF4B-00C04F79EFBC}") = "Lab5", "Lab5\Lab5.csproj", "{E8A69DE9-104C-48EA-A4CA-ED91222E9DFA}"
EndProject
Project("{FAE04EC0-301F-11D3-BF4B-00C04F79EFBC}") = "Lab6", "Lab6\Lab6.csproj", "{4A0F4DF4-457D-493C-9C1D-8A008CEA0F16}"
EndProject
Project("{FAE04EC0-301F-11D3-BF4B-00C04F79EFBC}") = "Lab7", "Lab7\Lab7.csproj", "{143503AA-A981-4097-B165-D7803D07FFD9}"
EndProject
Project("{FAE04EC0-301F-11D3-BF4B-00C04F79EFBC}") = "Lab8", "Lab8\Lab8.csproj", "{6D07CF37-EB8F-40E5-8E29-943DDDFB719D}"
EndProject
Project("{FAE04EC0-301F-11D3-BF4B-00C04F79EFBC}") = "Lab9", "Lab9\Lab9.csproj", "{A702A430-5DD6-4866-8B0E-23EEE61C3C84}"
EndProject
Project("{FAE04EC0-301F-11D3-BF4B-00C04F79EFBC}") = "Lab10", "Lab10\Lab10.csproj", "{F10D6E58-AEBC-4449-9A6D-B79ABB513705}"
EndProject
Global
	GlobalSection(SolutionConfigurationPlatforms) = preSolution
		Debug|Any CPU = Debug|Any CPU
		Release|Any CPU = Release|Any CPU
	EndGlobalSection
	GlobalSection(ProjectConfigurationPlatforms) = postSolution
		{E4CC23EF-F614-4B88-9AC7-8B192891D771}.Debug|Any CPU.ActiveCfg = Debug|Any CPU
		{E4CC23EF-F614-4B88-9AC7-8B192891D771}.Debug|Any CPU.Build.0 = Debug|Any CPU
		{E4CC23EF-F614-4B88-9AC7-8B192891D771}.Debug|Any CPU.Deploy.0 = Debug|Any CPU
		{E4CC23EF-F614-4B88-9AC7-8B192891D771}.Release|Any CPU.ActiveCfg = Release|Any CPU
		{E4CC23EF-F614-4B88-9AC7-8B192891D771}.Release|Any CPU.Build.0 = Release|Any CPU
		{E4CC23EF-F614-4B88-9AC7-8B192891D771}.Release|Any CPU.Deploy.0 = Release|Any CPU
		{ED8D9D10-C1B1-444F-9C26-31AC80ADA4F1}.Debug|Any CPU.ActiveCfg = Debug|Any CPU
		{ED8D9D10-C1B1-444F-9C26-31AC80ADA4F1}.Debug|Any CPU.Build.0 = Debug|Any CPU
		{ED8D9D10-C1B1-444F-9C26-31AC80ADA4F1}.Release|Any CPU.ActiveCfg = Release|Any CPU
		{ED8D9D10-C1B1-444F-9C26-31AC80ADA4F1}.Release|Any CPU.Build.0 = Release|Any CPU
		{19A3EE02-1F19-446C-ADA0-53FADF1FD153}.Debug|Any CPU.ActiveCfg = Debug|Any CPU
		{19A3EE02-1F19-446C-ADA0-53FADF1FD153}.Debug|Any CPU.Build.0 = Debug|Any CPU
		{19A3EE02-1F19-446C-ADA0-53FADF1FD153}.Release|Any CPU.ActiveCfg = Release|Any CPU
		{19A3EE02-1F19-446C-ADA0-53FADF1FD153}.Release|Any CPU.Build.0 = Release|Any CPU
		{CB429043-917E-4E48-A5A8-900FD35B1A99}.Debug|Any CPU.ActiveCfg = Debug|Any CPU
		{CB429043-917E-4E48-A5A8-900FD35B1A99}.Debug|Any CPU.Build.0 = Debug|Any CPU
		{CB429043-917E-4E48-A5A8-900FD35B1A99}.Release|Any CPU.ActiveCfg = Release|Any CPU
		{CB429043-917E-4E48-A5A8-900FD35B1A99}.Release|Any CPU.Build.0 = Release|Any CPU
		{E8A69DE9-104C-48EA-A4CA-ED91222E9DFA}.Debug|Any CPU.ActiveCfg = Debug|Any CPU
		{E8A69DE9-104C-48EA-A4CA-ED91222E9DFA}.Debug|Any CPU.Build.0 = Debug|Any CPU
		{E8A69DE9-104C-48EA-A4CA-ED91222E9DFA}.Release|Any CPU.ActiveCfg = Release|Any CPU
		{E8A69DE9-104C-48EA-A4CA-ED91222E9DFA}.Release|Any CPU.Build.0 = Release|Any CPU
		{4A0F4DF4-457D-493C-9C1D-8A008CEA0F16}.Debug|Any CPU.ActiveCfg = Debug|Any CPU
		{4A0F4DF4-457D-493C-9C1D-8A008CEA0F16}.Debug|Any CPU.Build.0 = Debug|Any CPU
		{4A0F4DF4-457D-493C-9C1D-8A008CEA0F16}.Release|Any CPU.ActiveCfg = Release|Any CPU
		{4A0F4DF4-457D-493C-9C1D-8A008CEA0F16}.Release|Any CPU.Build.0 = Release|Any CPU
		{143503AA-A981-4097-B165-D7803D07FFD9}.Debug|Any CPU.ActiveCfg = Debug|Any CPU
		{143503AA-A981-4097-B165-D7803D07FFD9}.Debug|Any CPU.Build.0 = Debug|Any CPU
		{143503AA-A981-4097-B165-D7803D07FFD9}.Release|Any CPU.ActiveCfg = Release|Any CPU
		{143503AA-A981-4097-B165-D7803D07FFD9}.Release|Any CPU.Build.0 = Release|Any CPU
		{6D07CF37-EB8F-40E5-8E29-943DDDFB719D}.Debug|Any CPU.ActiveCfg = Debug|Any CPU
		{6D07CF37-EB8F-40E5-8E29-943DDDFB719D}.Debug|Any CPU.Build.0 = Debug|Any CPU
		{6D07CF37-EB8F-40E5-8E29-943DDDFB719D}.Release|Any CPU.ActiveCfg = Release|Any CPU
		{6D07CF37-EB8F-40E5-8E29-943DDDFB719D}.Release|Any CPU.Build.0 = Release|Any CPU
		{A702A430-5DD6-4866-8B0E-23EEE61C3C84}.Debug|Any CPU.ActiveCfg = Debug|Any CPU
		{A702A430-5DD6-4866-8B0E-23EEE61C3C84}.Debug|Any CPU.Build.0 = Debug|Any CPU
		{A702A430-5DD6-4866-8B0E-23EEE61C3C84}.Release|Any CPU.ActiveCfg = Release|Any CPU
		{A702A430-5DD6-4866-8B0E-23EEE61C3C84}.Release|Any CPU.Build.0 = Release|Any CPU
		{F10D6E58-AEBC-4449-9A6D-B79ABB513705}.Debug|Any CPU.ActiveCfg = Debug|Any CPU
		{F10D6E58-AEBC-4449-9A6D-B79ABB513705}.Debug|Any CPU.Build.0 = Debug|Any CPU
		{F10D6E58-AEBC-4449-9A6D-B79ABB513705}.Release|Any CPU.ActiveCfg = Release|Any CPU
		{F10D6E58-AEBC-4449-9A6D-B79ABB513705}.Release|Any CPU.Build.0 = Release|Any CPU
	EndGlobalSection
	GlobalSection(SolutionProperties) = preSolution
		HideSolutionNode = FALSE
	EndGlobalSection
	GlobalSection(ExtensibilityGlobals) = postSolution
		SolutionGuid = {CCA7D8DD-7839-44BD-85C6-BAEC8747520B}
	EndGlobalSection
EndGlobal
